// !$*UTF8*$!
{
	archiveVersion = 1;
	classes = {
	};
	objectVersion = 46;
	objects = {

/* Begin PBXBuildFile section */
		A88EB1821B7621BB009AB783 /* main.m in Sources */ = {isa = PBXBuildFile; fileRef = A88EB1811B7621BB009AB783 /* main.m */; };
		A88EB1851B7621BB009AB783 /* CATAppDelegate.m in Sources */ = {isa = PBXBuildFile; fileRef = A88EB1841B7621BB009AB783 /* CATAppDelegate.m */; };
		A88EB18B1B7621BB009AB783 /* Main.storyboard in Resources */ = {isa = PBXBuildFile; fileRef = A88EB1891B7621BB009AB783 /* Main.storyboard */; };
		A88EB18D1B7621BB009AB783 /* Images.xcassets in Resources */ = {isa = PBXBuildFile; fileRef = A88EB18C1B7621BB009AB783 /* Images.xcassets */; };
		A88EB1901B7621BB009AB783 /* LaunchScreen.xib in Resources */ = {isa = PBXBuildFile; fileRef = A88EB18E1B7621BB009AB783 /* LaunchScreen.xib */; };
		A88EB19C1B7621BB009AB783 /* CatlicationTests.m in Sources */ = {isa = PBXBuildFile; fileRef = A88EB19B1B7621BB009AB783 /* CatlicationTests.m */; };
		A88EB1A71B762528009AB783 /* CATTableViewController.m in Sources */ = {isa = PBXBuildFile; fileRef = A88EB1A61B762528009AB783 /* CATTableViewController.m */; };
		A88EB1AA1B7625A7009AB783 /* CATTableViewCell.m in Sources */ = {isa = PBXBuildFile; fileRef = A88EB1A91B7625A7009AB783 /* CATTableViewCell.m */; };
		A88EB1AC1B767189009AB783 /* catsData.plist in Resources */ = {isa = PBXBuildFile; fileRef = A88EB1AB1B767189009AB783 /* catsData.plist */; };
		A88EB1B41B78B3CC009AB783 /* CATDataSource.m in Sources */ = {isa = PBXBuildFile; fileRef = A88EB1B31B78B3CC009AB783 /* CATDataSource.m */; };
		A88EB1B81B78C8BA009AB783 /* CATOneCatData.m in Sources */ = {isa = PBXBuildFile; fileRef = A88EB1B71B78C8BA009AB783 /* CATOneCatData.m */; };
/* End PBXBuildFile section */

/* Begin PBXContainerItemProxy section */
		A88EB1961B7621BB009AB783 /* PBXContainerItemProxy */ = {
			isa = PBXContainerItemProxy;
			containerPortal = A88EB1741B7621BB009AB783 /* Project object */;
			proxyType = 1;
			remoteGlobalIDString = A88EB17B1B7621BB009AB783;
			remoteInfo = Catlication;
		};
/* End PBXContainerItemProxy section */

/* Begin PBXFileReference section */
		A88EB17C1B7621BB009AB783 /* Catlication.app */ = {isa = PBXFileReference; explicitFileType = wrapper.application; includeInIndex = 0; path = Catlication.app; sourceTree = BUILT_PRODUCTS_DIR; };
		A88EB1801B7621BB009AB783 /* Info.plist */ = {isa = PBXFileReference; lastKnownFileType = text.plist.xml; path = Info.plist; sourceTree = "<group>"; };
		A88EB1811B7621BB009AB783 /* main.m */ = {isa = PBXFileReference; lastKnownFileType = sourcecode.c.objc; path = main.m; sourceTree = "<group>"; };
		A88EB1831B7621BB009AB783 /* CATAppDelegate.h */ = {isa = PBXFileReference; lastKnownFileType = sourcecode.c.h; path = CATAppDelegate.h; sourceTree = "<group>"; };
		A88EB1841B7621BB009AB783 /* CATAppDelegate.m */ = {isa = PBXFileReference; lastKnownFileType = sourcecode.c.objc; path = CATAppDelegate.m; sourceTree = "<group>"; };
		A88EB18A1B7621BB009AB783 /* Base */ = {isa = PBXFileReference; lastKnownFileType = file.storyboard; name = Base; path = Base.lproj/Main.storyboard; sourceTree = "<group>"; };
		A88EB18C1B7621BB009AB783 /* Images.xcassets */ = {isa = PBXFileReference; lastKnownFileType = folder.assetcatalog; path = Images.xcassets; sourceTree = "<group>"; };
		A88EB18F1B7621BB009AB783 /* Base */ = {isa = PBXFileReference; lastKnownFileType = file.xib; name = Base; path = Base.lproj/LaunchScreen.xib; sourceTree = "<group>"; };
		A88EB1951B7621BB009AB783 /* CatlicationTests.xctest */ = {isa = PBXFileReference; explicitFileType = wrapper.cfbundle; includeInIndex = 0; path = CatlicationTests.xctest; sourceTree = BUILT_PRODUCTS_DIR; };
		A88EB19A1B7621BB009AB783 /* Info.plist */ = {isa = PBXFileReference; lastKnownFileType = text.plist.xml; path = Info.plist; sourceTree = "<group>"; };
		A88EB19B1B7621BB009AB783 /* CatlicationTests.m */ = {isa = PBXFileReference; lastKnownFileType = sourcecode.c.objc; path = CatlicationTests.m; sourceTree = "<group>"; };
		A88EB1A51B762528009AB783 /* CATTableViewController.h */ = {isa = PBXFileReference; fileEncoding = 4; lastKnownFileType = sourcecode.c.h; name = CATTableViewController.h; path = Catlication/CATTableViewController.h; sourceTree = "<group>"; };
		A88EB1A61B762528009AB783 /* CATTableViewController.m */ = {isa = PBXFileReference; fileEncoding = 4; lastKnownFileType = sourcecode.c.objc; name = CATTableViewController.m; path = Catlication/CATTableViewController.m; sourceTree = "<group>"; };
		A88EB1A81B7625A7009AB783 /* CATTableViewCell.h */ = {isa = PBXFileReference; fileEncoding = 4; lastKnownFileType = sourcecode.c.h; name = CATTableViewCell.h; path = Catlication/CATTableViewCell.h; sourceTree = "<group>"; };
		A88EB1A91B7625A7009AB783 /* CATTableViewCell.m */ = {isa = PBXFileReference; fileEncoding = 4; lastKnownFileType = sourcecode.c.objc; name = CATTableViewCell.m; path = Catlication/CATTableViewCell.m; sourceTree = "<group>"; };
		A88EB1AB1B767189009AB783 /* catsData.plist */ = {isa = PBXFileReference; fileEncoding = 4; lastKnownFileType = text.plist.xml; name = catsData.plist; path = Catlication/catsData.plist; sourceTree = "<group>"; };
		A88EB1B21B78B3CC009AB783 /* CATDataSource.h */ = {isa = PBXFileReference; fileEncoding = 4; lastKnownFileType = sourcecode.c.h; path = CATDataSource.h; sourceTree = "<group>"; };
		A88EB1B31B78B3CC009AB783 /* CATDataSource.m */ = {isa = PBXFileReference; fileEncoding = 4; lastKnownFileType = sourcecode.c.objc; path = CATDataSource.m; sourceTree = "<group>"; };
		A88EB1B61B78C8BA009AB783 /* CATOneCatData.h */ = {isa = PBXFileReference; fileEncoding = 4; lastKnownFileType = sourcecode.c.h; path = CATOneCatData.h; sourceTree = "<group>"; };
		A88EB1B71B78C8BA009AB783 /* CATOneCatData.m */ = {isa = PBXFileReference; fileEncoding = 4; lastKnownFileType = sourcecode.c.objc; path = CATOneCatData.m; sourceTree = "<group>"; };
/* End PBXFileReference section */

/* Begin PBXFrameworksBuildPhase section */
		A88EB1791B7621BB009AB783 /* Frameworks */ = {
			isa = PBXFrameworksBuildPhase;
			buildActionMask = 2147483647;
			files = (
			);
			runOnlyForDeploymentPostprocessing = 0;
		};
		A88EB1921B7621BB009AB783 /* Frameworks */ = {
			isa = PBXFrameworksBuildPhase;
			buildActionMask = 2147483647;
			files = (
			);
			runOnlyForDeploymentPostprocessing = 0;
		};
/* End PBXFrameworksBuildPhase section */

/* Begin PBXGroup section */
		A88EB1731B7621BB009AB783 = {
			isa = PBXGroup;
			children = (
				A88EB17E1B7621BB009AB783 /* Catlication */,
				A88EB1981B7621BB009AB783 /* CatlicationTests */,
				A88EB17D1B7621BB009AB783 /* Products */,
			);
			sourceTree = "<group>";
		};
		A88EB17D1B7621BB009AB783 /* Products */ = {
			isa = PBXGroup;
			children = (
				A88EB17C1B7621BB009AB783 /* Catlication.app */,
				A88EB1951B7621BB009AB783 /* CatlicationTests.xctest */,
			);
			name = Products;
			sourceTree = "<group>";
		};
		A88EB17E1B7621BB009AB783 /* Catlication */ = {
			isa = PBXGroup;
			children = (
				A88EB1C01B7BBB1B009AB783 /* CATViews */,
				A88EB1B51B78B6B0009AB783 /* CATControllers */,
				A88EB1B11B78B359009AB783 /* CATModel */,
				A88EB1831B7621BB009AB783 /* CATAppDelegate.h */,
				A88EB1841B7621BB009AB783 /* CATAppDelegate.m */,
				A88EB1891B7621BB009AB783 /* Main.storyboard */,
				A88EB18E1B7621BB009AB783 /* LaunchScreen.xib */,
				A88EB18C1B7621BB009AB783 /* Images.xcassets */,
				A88EB17F1B7621BB009AB783 /* Supporting Files */,
			);
			path = Catlication;
			sourceTree = "<group>";
		};
		A88EB17F1B7621BB009AB783 /* Supporting Files */ = {
			isa = PBXGroup;
			children = (
				A88EB1801B7621BB009AB783 /* Info.plist */,
				A88EB1811B7621BB009AB783 /* main.m */,
			);
			name = "Supporting Files";
			sourceTree = "<group>";
		};
		A88EB1981B7621BB009AB783 /* CatlicationTests */ = {
			isa = PBXGroup;
			children = (
				A88EB19B1B7621BB009AB783 /* CatlicationTests.m */,
				A88EB1991B7621BB009AB783 /* Supporting Files */,
			);
			path = CatlicationTests;
			sourceTree = "<group>";
		};
		A88EB1991B7621BB009AB783 /* Supporting Files */ = {
			isa = PBXGroup;
			children = (
				A88EB19A1B7621BB009AB783 /* Info.plist */,
			);
			name = "Supporting Files";
			sourceTree = "<group>";
		};
		A88EB1AD1B768201009AB783 /* table cells */ = {
			isa = PBXGroup;
			children = (
				A88EB1A81B7625A7009AB783 /* CATTableViewCell.h */,
				A88EB1A91B7625A7009AB783 /* CATTableViewCell.m */,
			);
			name = "table cells";
			sourceTree = "<group>";
		};
		A88EB1B11B78B359009AB783 /* CATModel */ = {
			isa = PBXGroup;
			children = (
				A88EB1AB1B767189009AB783 /* catsData.plist */,
				A88EB1B21B78B3CC009AB783 /* CATDataSource.h */,
				A88EB1B31B78B3CC009AB783 /* CATDataSource.m */,
				A88EB1B61B78C8BA009AB783 /* CATOneCatData.h */,
				A88EB1B71B78C8BA009AB783 /* CATOneCatData.m */,
			);
			name = CATModel;
			path = ..;
			sourceTree = "<group>";
		};
		A88EB1B51B78B6B0009AB783 /* CATControllers */ = {
			isa = PBXGroup;
			children = (
				A88EB1A51B762528009AB783 /* CATTableViewController.h */,
				A88EB1A61B762528009AB783 /* CATTableViewController.m */,
			);
			name = CATControllers;
			path = ..;
			sourceTree = "<group>";
		};
		A88EB1C01B7BBB1B009AB783 /* CATViews */ = {
			isa = PBXGroup;
			children = (
				A88EB1AD1B768201009AB783 /* table cells */,
			);
			name = CATViews;
			path = ..;
			sourceTree = "<group>";
		};
/* End PBXGroup section */

/* Begin PBXNativeTarget section */
		A88EB17B1B7621BB009AB783 /* Catlication */ = {
			isa = PBXNativeTarget;
			buildConfigurationList = A88EB19F1B7621BB009AB783 /* Build configuration list for PBXNativeTarget "Catlication" */;
			buildPhases = (
				A88EB1781B7621BB009AB783 /* Sources */,
				A88EB1791B7621BB009AB783 /* Frameworks */,
				A88EB17A1B7621BB009AB783 /* Resources */,
			);
			buildRules = (
			);
			dependencies = (
			);
			name = Catlication;
			productName = Catlication;
			productReference = A88EB17C1B7621BB009AB783 /* Catlication.app */;
			productType = "com.apple.product-type.application";
		};
		A88EB1941B7621BB009AB783 /* CatlicationTests */ = {
			isa = PBXNativeTarget;
			buildConfigurationList = A88EB1A21B7621BB009AB783 /* Build configuration list for PBXNativeTarget "CatlicationTests" */;
			buildPhases = (
				A88EB1911B7621BB009AB783 /* Sources */,
				A88EB1921B7621BB009AB783 /* Frameworks */,
				A88EB1931B7621BB009AB783 /* Resources */,
			);
			buildRules = (
			);
			dependencies = (
				A88EB1971B7621BB009AB783 /* PBXTargetDependency */,
			);
			name = CatlicationTests;
			productName = CatlicationTests;
			productReference = A88EB1951B7621BB009AB783 /* CatlicationTests.xctest */;
			productType = "com.apple.product-type.bundle.unit-test";
		};
/* End PBXNativeTarget section */

/* Begin PBXProject section */
		A88EB1741B7621BB009AB783 /* Project object */ = {
			isa = PBXProject;
			attributes = {
				LastUpgradeCheck = 0640;
				ORGANIZATIONNAME = "Alexandra Prasolova";
				TargetAttributes = {
					A88EB17B1B7621BB009AB783 = {
						CreatedOnToolsVersion = 6.4;
					};
					A88EB1941B7621BB009AB783 = {
						CreatedOnToolsVersion = 6.4;
						TestTargetID = A88EB17B1B7621BB009AB783;
					};
				};
			};
			buildConfigurationList = A88EB1771B7621BB009AB783 /* Build configuration list for PBXProject "Catlication" */;
			compatibilityVersion = "Xcode 3.2";
			developmentRegion = English;
			hasScannedForEncodings = 0;
			knownRegions = (
				en,
				Base,
			);
			mainGroup = A88EB1731B7621BB009AB783;
			productRefGroup = A88EB17D1B7621BB009AB783 /* Products */;
			projectDirPath = "";
			projectRoot = "";
			targets = (
				A88EB17B1B7621BB009AB783 /* Catlication */,
				A88EB1941B7621BB009AB783 /* CatlicationTests */,
			);
		};
/* End PBXProject section */

/* Begin PBXResourcesBuildPhase section */
		A88EB17A1B7621BB009AB783 /* Resources */ = {
			isa = PBXResourcesBuildPhase;
			buildActionMask = 2147483647;
			files = (
				A88EB18B1B7621BB009AB783 /* Main.storyboard in Resources */,
				A88EB1AC1B767189009AB783 /* catsData.plist in Resources */,
				A88EB1901B7621BB009AB783 /* LaunchScreen.xib in Resources */,
				A88EB18D1B7621BB009AB783 /* Images.xcassets in Resources */,
			);
			runOnlyForDeploymentPostprocessing = 0;
		};
		A88EB1931B7621BB009AB783 /* Resources */ = {
			isa = PBXResourcesBuildPhase;
			buildActionMask = 2147483647;
			files = (
			);
			runOnlyForDeploymentPostprocessing = 0;
		};
/* End PBXResourcesBuildPhase section */

/* Begin PBXSourcesBuildPhase section */
		A88EB1781B7621BB009AB783 /* Sources */ = {
			isa = PBXSourcesBuildPhase;
			buildActionMask = 2147483647;
			files = (
				A88EB1AA1B7625A7009AB783 /* CATTableViewCell.m in Sources */,
				A88EB1A71B762528009AB783 /* CATTableViewController.m in Sources */,
				A88EB1851B7621BB009AB783 /* CATAppDelegate.m in Sources */,
				A88EB1B41B78B3CC009AB783 /* CATDataSource.m in Sources */,
				A88EB1B81B78C8BA009AB783 /* CATOneCatData.m in Sources */,
				A88EB1821B7621BB009AB783 /* main.m in Sources */,
			);
			runOnlyForDeploymentPostprocessing = 0;
		};
		A88EB1911B7621BB009AB783 /* Sources */ = {
			isa = PBXSourcesBuildPhase;
			buildActionMask = 2147483647;
			files = (
				A88EB19C1B7621BB009AB783 /* CatlicationTests.m in Sources */,
			);
			runOnlyForDeploymentPostprocessing = 0;
		};
/* End PBXSourcesBuildPhase section */

/* Begin PBXTargetDependency section */
		A88EB1971B7621BB009AB783 /* PBXTargetDependency */ = {
			isa = PBXTargetDependency;
			target = A88EB17B1B7621BB009AB783 /* Catlication */;
			targetProxy = A88EB1961B7621BB009AB783 /* PBXContainerItemProxy */;
		};
/* End PBXTargetDependency section */

/* Begin PBXVariantGroup section */
		A88EB1891B7621BB009AB783 /* Main.storyboard */ = {
			isa = PBXVariantGroup;
			children = (
				A88EB18A1B7621BB009AB783 /* Base */,
			);
			name = Main.storyboard;
			sourceTree = "<group>";
		};
		A88EB18E1B7621BB009AB783 /* LaunchScreen.xib */ = {
			isa = PBXVariantGroup;
			children = (
				A88EB18F1B7621BB009AB783 /* Base */,
			);
			name = LaunchScreen.xib;
			sourceTree = "<group>";
		};
/* End PBXVariantGroup section */

/* Begin XCBuildConfiguration section */
		A88EB19D1B7621BB009AB783 /* Debug */ = {
			isa = XCBuildConfiguration;
			buildSettings = {
				ALWAYS_SEARCH_USER_PATHS = NO;
				CLANG_CXX_LANGUAGE_STANDARD = "gnu++0x";
				CLANG_CXX_LIBRARY = "libc++";
				CLANG_ENABLE_MODULES = YES;
				CLANG_ENABLE_OBJC_ARC = YES;
				CLANG_WARN_BOOL_CONVERSION = YES;
				CLANG_WARN_CONSTANT_CONVERSION = YES;
				CLANG_WARN_DIRECT_OBJC_ISA_USAGE = YES_ERROR;
				CLANG_WARN_EMPTY_BODY = YES;
				CLANG_WARN_ENUM_CONVERSION = YES;
				CLANG_WARN_INT_CONVERSION = YES;
				CLANG_WARN_OBJC_ROOT_CLASS = YES_ERROR;
				CLANG_WARN_UNREACHABLE_CODE = YES;
				CLANG_WARN__DUPLICATE_METHOD_MATCH = YES;
				"CODE_SIGN_IDENTITY[sdk=iphoneos*]" = "iPhone Developer";
				COPY_PHASE_STRIP = NO;
				DEBUG_INFORMATION_FORMAT = "dwarf-with-dsym";
				ENABLE_STRICT_OBJC_MSGSEND = YES;
				GCC_C_LANGUAGE_STANDARD = gnu99;
				GCC_DYNAMIC_NO_PIC = NO;
				GCC_NO_COMMON_BLOCKS = YES;
				GCC_OPTIMIZATION_LEVEL = 0;
				GCC_PREPROCESSOR_DEFINITIONS = (
					"DEBUG=1",
					"$(inherited)",
				);
				GCC_SYMBOLS_PRIVATE_EXTERN = NO;
				GCC_WARN_64_TO_32_BIT_CONVERSION = YES;
				GCC_WARN_ABOUT_RETURN_TYPE = YES_ERROR;
				GCC_WARN_UNDECLARED_SELECTOR = YES;
				GCC_WARN_UNINITIALIZED_AUTOS = YES_AGGRESSIVE;
				GCC_WARN_UNUSED_FUNCTION = YES;
				GCC_WARN_UNUSED_VARIABLE = YES;
				IPHONEOS_DEPLOYMENT_TARGET = 8.4;
				MTL_ENABLE_DEBUG_INFO = YES;
				ONLY_ACTIVE_ARCH = YES;
				SDKROOT = iphoneos;
				TARGETED_DEVICE_FAMILY = "1,2";
			};
			name = Debug;
		};
		A88EB19E1B7621BB009AB783 /* Release */ = {
			isa = XCBuildConfiguration;
			buildSettings = {
				ALWAYS_SEARCH_USER_PATHS = NO;
				CLANG_CXX_LANGUAGE_STANDARD = "gnu++0x";
				CLANG_CXX_LIBRARY = "libc++";
				CLANG_ENABLE_MODULES = YES;
				CLANG_ENABLE_OBJC_ARC = YES;
				CLANG_WARN_BOOL_CONVERSION = YES;
				CLANG_WARN_CONSTANT_CONVERSION = YES;
				CLANG_WARN_DIRECT_OBJC_ISA_USAGE = YES_ERROR;
				CLANG_WARN_EMPTY_BODY = YES;
				CLANG_WARN_ENUM_CONVERSION = YES;
				CLANG_WARN_INT_CONVERSION = YES;
				CLANG_WARN_OBJC_ROOT_CLASS = YES_ERROR;
				CLANG_WARN_UNREACHABLE_CODE = YES;
				CLANG_WARN__DUPLICATE_METHOD_MATCH = YES;
				"CODE_SIGN_IDENTITY[sdk=iphoneos*]" = "iPhone Developer";
				COPY_PHASE_STRIP = NO;
				DEBUG_INFORMATION_FORMAT = "dwarf-with-dsym";
				ENABLE_NS_ASSERTIONS = NO;
				ENABLE_STRICT_OBJC_MSGSEND = YES;
				GCC_C_LANGUAGE_STANDARD = gnu99;
				GCC_NO_COMMON_BLOCKS = YES;
				GCC_WARN_64_TO_32_BIT_CONVERSION = YES;
				GCC_WARN_ABOUT_RETURN_TYPE = YES_ERROR;
				GCC_WARN_UNDECLARED_SELECTOR = YES;
				GCC_WARN_UNINITIALIZED_AUTOS = YES_AGGRESSIVE;
				GCC_WARN_UNUSED_FUNCTION = YES;
				GCC_WARN_UNUSED_VARIABLE = YES;
				IPHONEOS_DEPLOYMENT_TARGET = 8.4;
				MTL_ENABLE_DEBUG_INFO = NO;
				SDKROOT = iphoneos;
				TARGETED_DEVICE_FAMILY = "1,2";
				VALIDATE_PRODUCT = YES;
			};
			name = Release;
		};
		A88EB1A01B7621BB009AB783 /* Debug */ = {
			isa = XCBuildConfiguration;
			buildSettings = {
				ASSETCATALOG_COMPILER_APPICON_NAME = AppIcon;
				INFOPLIST_FILE = Catlication/Info.plist;
				LD_RUNPATH_SEARCH_PATHS = "$(inherited) @executable_path/Frameworks";
				PRODUCT_NAME = "$(TARGET_NAME)";
			};
			name = Debug;
		};
		A88EB1A11B7621BB009AB783 /* Release */ = {
			isa = XCBuildConfiguration;
			buildSettings = {
				ASSETCATALOG_COMPILER_APPICON_NAME = AppIcon;
				INFOPLIST_FILE = Catlication/Info.plist;
				LD_RUNPATH_SEARCH_PATHS = "$(inherited) @executable_path/Frameworks";
				PRODUCT_NAME = "$(TARGET_NAME)";
			};
			name = Release;
		};
		A88EB1A31B7621BB009AB783 /* Debug */ = {
			isa = XCBuildConfiguration;
			buildSettings = {
				BUNDLE_LOADER = "$(TEST_HOST)";
				FRAMEWORK_SEARCH_PATHS = (
					"$(SDKROOT)/Developer/Library/Frameworks",
					"$(inherited)",
				);
				GCC_PREPROCESSOR_DEFINITIONS = (
					"DEBUG=1",
					"$(inherited)",
				);
				INFOPLIST_FILE = CatlicationTests/Info.plist;
				LD_RUNPATH_SEARCH_PATHS = "$(inherited) @executable_path/Frameworks @loader_path/Frameworks";
				PRODUCT_NAME = "$(TARGET_NAME)";
				TEST_HOST = "$(BUILT_PRODUCTS_DIR)/Catlication.app/Catlication";
			};
			name = Debug;
		};
		A88EB1A41B7621BB009AB783 /* Release */ = {
			isa = XCBuildConfiguration;
			buildSettings = {
				BUNDLE_LOADER = "$(TEST_HOST)";
				FRAMEWORK_SEARCH_PATHS = (
					"$(SDKROOT)/Developer/Library/Frameworks",
					"$(inherited)",
				);
				INFOPLIST_FILE = CatlicationTests/Info.plist;
				LD_RUNPATH_SEARCH_PATHS = "$(inherited) @executable_path/Frameworks @loader_path/Frameworks";
				PRODUCT_NAME = "$(TARGET_NAME)";
				TEST_HOST = "$(BUILT_PRODUCTS_DIR)/Catlication.app/Catlication";
			};
			name = Release;
		};
/* End XCBuildConfiguration section */

/* Begin XCConfigurationList section */
		A88EB1771B7621BB009AB783 /* Build configuration list for PBXProject "Catlication" */ = {
			isa = XCConfigurationList;
			buildConfigurations = (
				A88EB19D1B7621BB009AB783 /* Debug */,
				A88EB19E1B7621BB009AB783 /* Release */,
			);
			defaultConfigurationIsVisible = 0;
			defaultConfigurationName = Release;
		};
		A88EB19F1B7621BB009AB783 /* Build configuration list for PBXNativeTarget "Catlication" */ = {
			isa = XCConfigurationList;
			buildConfigurations = (
				A88EB1A01B7621BB009AB783 /* Debug */,
				A88EB1A11B7621BB009AB783 /* Release */,
			);
			defaultConfigurationIsVisible = 0;
			defaultConfigurationName = Release;
		};
		A88EB1A21B7621BB009AB783 /* Build configuration list for PBXNativeTarget "CatlicationTests" */ = {
			isa = XCConfigurationList;
			buildConfigurations = (
				A88EB1A31B7621BB009AB783 /* Debug */,
				A88EB1A41B7621BB009AB783 /* Release */,
			);
			defaultConfigurationIsVisible = 0;
			defaultConfigurationName = Release;
		};
/* End XCConfigurationList section */
	};
	rootObject = A88EB1741B7621BB009AB783 /* Project object */;
}
